
Microsoft Visual Studio Solution File, Format Version 12.00
# Visual Studio Version 16
VisualStudioVersion = 16.0.30204.135
MinimumVisualStudioVersion = 10.0.40219.1
Project("{FAE04EC0-301F-11D3-BF4B-00C04F79EFBC}") = "IPcamera", "IPcamera\IPcamera.csproj", "{CE785531-ED74-4C20-B4FA-03B8C7E51D9D}"
EndProject
Global
	GlobalSection(SolutionConfigurationPlatforms) = preSolution
		Debug|Any CPU = Debug|Any CPU
		Release|Any CPU = Release|Any CPU
	EndGlobalSection
	GlobalSection(ProjectConfigurationPlatforms) = postSolution
		{CE785531-ED74-4C20-B4FA-03B8C7E51D9D}.Debug|Any CPU.ActiveCfg = Debug|Any CPU
		{CE785531-ED74-4C20-B4FA-03B8C7E51D9D}.Debug|Any CPU.Build.0 = Debug|Any CPU
		{CE785531-ED74-4C20-B4FA-03B8C7E51D9D}.Release|Any CPU.ActiveCfg = Release|x64
		{CE785531-ED74-4C20-B4FA-03B8C7E51D9D}.Release|Any CPU.Build.0 = Release|x64
	EndGlobalSection
	GlobalSection(SolutionProperties) = preSolution
		HideSolutionNode = FALSE
	EndGlobalSection
	GlobalSection(ExtensibilityGlobals) = postSolution
		SolutionGuid = {83EB8CB7-A1D7-4736-BA0C-B06D3B1C9EB8}
	EndGlobalSection
EndGlobal
